<?xml version="1.0" encoding="utf-8"?>
<Project ToolsVersion="4.0" xmlns="http://schemas.microsoft.com/developer/msbuild/2003">
  <ItemGroup>
    <Filter Include="源文件">
      <UniqueIdentifier>{4FC737F1-C7A5-4376-A066-2A32D752A2FF}</UniqueIdentifier>
      <Extensions>cpp;c;cc;cxx;def;odl;idl;hpj;bat;asm;asmx</Extensions>
    </Filter>
    <Filter Include="头文件">
      <UniqueIdentifier>{93995380-89BD-4b04-88EB-625FBE52EBFB}</UniqueIdentifier>
      <Extensions>h;hpp;hxx;hm;inl;inc;xsd</Extensions>
    </Filter>
    <Filter Include="资源文件">
      <UniqueIdentifier>{67DA6AB6-F800-4c08-8B7A-83BB121AAD01}</UniqueIdentifier>
      <Extensions>rc;ico;cur;bmp;dlg;rc2;rct;bin;rgs;gif;jpg;jpeg;jpe;resx;tiff;tif;png;wav;mfcribbon-ms</Extensions>
    </Filter>
    <Filter Include="ThreadPool">
      <UniqueIdentifier>{3da4fcd4-a85b-4c90-b84d-06df961328ca}</UniqueIdentifier>
    </Filter>
    <Filter Include="Log">
      <UniqueIdentifier>{1cc6f709-67ce-4caf-bb7b-b4e88a4122e7}</UniqueIdentifier>
    </Filter>
    <Filter Include="Event">
      <UniqueIdentifier>{1ac1f432-a63a-42ed-9764-e0044508a5a9}</UniqueIdentifier>
    </Filter>
    <Filter Include="IOCPNet">
      <UniqueIdentifier>{2ed0fb4e-8d2e-4762-aa4c-71d3d17bb37a}</UniqueIdentifier>
    </Filter>
    <Filter Include="include">
      <UniqueIdentifier>{e8aae4bc-c323-4a03-9db6-074a4de797e1}</UniqueIdentifier>
    </Filter>
    <Filter Include="Distribute">
      <UniqueIdentifier>{b7b55567-aca9-44c3-a5c5-b82bf6789fdb}</UniqueIdentifier>
    </Filter>
    <Filter Include="ObjectHandle">
      <UniqueIdentifier>{b1f26527-fb66-4539-b5db-ae326e5ea85a}</UniqueIdentifier>
    </Filter>
    <Filter Include="PEDebug">
      <UniqueIdentifier>{03c6ee61-374f-4e50-bf72-d72d7f764164}</UniqueIdentifier>
    </Filter>
  </ItemGroup>
  <ItemGroup>
    <ClInclude Include="source\include\threadPool.h">
      <Filter>ThreadPool</Filter>
    </ClInclude>
    <ClInclude Include="source\ThreadPool\threadPoolImpl.h">
      <Filter>ThreadPool</Filter>
    </ClInclude>
    <ClInclude Include="source\ThreadPool\threadPool_winImpl.h">
      <Filter>ThreadPool</Filter>
    </ClInclude>
    <ClInclude Include="source\include\kTask.h">
      <Filter>ThreadPool</Filter>
    </ClInclude>
    <ClInclude Include="source\Log\ELog.h">
      <Filter>Log</Filter>
    </ClInclude>
    <ClInclude Include="source\IOCPNet\IOCPNet.h">
      <Filter>IOCPNet</Filter>
    </ClInclude>
    <ClInclude Include="source\IOCPNet\MemPool.h">
      <Filter>IOCPNet</Filter>
    </ClInclude>
    <ClInclude Include="source\include\RundownProtect.h">
      <Filter>include</Filter>
    </ClInclude>
    <ClInclude Include="source\include\ThreadSync.h">
      <Filter>include</Filter>
    </ClInclude>
    <ClInclude Include="source\include\interlocked.h">
      <Filter>include</Filter>
    </ClInclude>
    <ClInclude Include="source\include\64KHandle.h">
      <Filter>include</Filter>
    </ClInclude>
    <ClInclude Include="source\include\AsyncNet.h">
      <Filter>include</Filter>
    </ClInclude>
    <ClInclude Include="source\include\NetHandler.h">
      <Filter>include</Filter>
    </ClInclude>
    <ClInclude Include="source\include\64kHandleType.h">
      <Filter>include</Filter>
    </ClInclude>
    <ClInclude Include="source\include\IOCPNetType.h">
      <Filter>include</Filter>
    </ClInclude>
    <ClInclude Include="source\IOCPNet\IOCPUseHeaps.h">
      <Filter>IOCPNet</Filter>
    </ClInclude>
    <ClInclude Include="source\include\NetLog.h">
      <Filter>include</Filter>
    </ClInclude>
    <ClInclude Include="source\include\AsyncNetType.h">
      <Filter>include</Filter>
    </ClInclude>
    <ClInclude Include="source\include\dataType.h">
      <Filter>include</Filter>
    </ClInclude>
    <ClInclude Include="source\use\Test.h">
      <Filter>头文件</Filter>
    </ClInclude>
    <ClInclude Include="source\include\SerializedProcessor.h">
      <Filter>include</Filter>
    </ClInclude>
    <ClInclude Include="source\include\MonopolyHeap.h">
      <Filter>include</Filter>
    </ClInclude>
    <ClInclude Include="source\include\MPSCQueue.h">
      <Filter>include</Filter>
    </ClInclude>
    <ClInclude Include="source\LookAisdeList.h">
      <Filter>头文件</Filter>
    </ClInclude>
    <ClInclude Include="source\include\buildconfig.h">
      <Filter>include</Filter>
    </ClInclude>
    <ClInclude Include="source\include\defines.h">
      <Filter>include</Filter>
    </ClInclude>
    <ClInclude Include="source\include\mem_dump.h">
      <Filter>include</Filter>
    </ClInclude>
    <ClInclude Include="source\include\ObjectHandle.h">
      <Filter>include</Filter>
    </ClInclude>
    <ClInclude Include="source\ObjectHandle\ObjectHandleImpl.h">
      <Filter>ObjectHandle</Filter>
    </ClInclude>
    <ClInclude Include="source\use\Cpp11TemplateAlias.h">
      <Filter>头文件</Filter>
    </ClInclude>
    <ClInclude Include="source\PE_DEBUG\DumpBuffer.h">
      <Filter>PEDebug</Filter>
    </ClInclude>
    <ClInclude Include="source\PE_DEBUG\ExceptionTrace.h">
      <Filter>PEDebug</Filter>
    </ClInclude>
    <ClInclude Include="source\PE_DEBUG\StackWalker.h">
      <Filter>PEDebug</Filter>
    </ClInclude>
  </ItemGroup>
  <ItemGroup>
    <ClCompile Include="source\use\PrototypeTest.cpp">
      <Filter>源文件</Filter>
    </ClCompile>
    <ClCompile Include="source\use\AsyncNetTest.cpp">
      <Filter>源文件</Filter>
    </ClCompile>
    <ClCompile Include="source\use\SerializedProcessorTest.cpp">
      <Filter>源文件</Filter>
    </ClCompile>
    <ClCompile Include="source\PE_DEBUG\DumpBuffer.cpp">
      <Filter>PEDebug</Filter>
    </ClCompile>
    <ClCompile Include="source\PE_DEBUG\ExceptionTrace.cpp">
      <Filter>PEDebug</Filter>
    </ClCompile>
    <ClCompile Include="source\PE_DEBUG\StackWalker.cpp">
      <Filter>PEDebug</Filter>
    </ClCompile>
  </ItemGroup>
</Project>